
Microsoft Visual Studio Solution File, Format Version 12.00
# Visual Studio Version 16
VisualStudioVersion = 16.0.31005.135
MinimumVisualStudioVersion = 10.0.40219.1
Project("{FAE04EC0-301F-11D3-BF4B-00C04F79EFBC}") = "BelarusianRailway.Tests", "BelarusianRailway.Tests\BelarusianRailway.Tests.csproj", "{C8B52F67-EA82-42B8-A5B3-2AE19AF8AC79}"
EndProject
Project("{FAE04EC0-301F-11D3-BF4B-00C04F79EFBC}") = "BelarusianRailway.PageObjects", "BelarusianRailway.PageObjects\BelarusianRailway.PageObjects.csproj", "{A615D358-AED6-4318-ABF0-0EAA7E3238FA}"
EndProject
Project("{FAE04EC0-301F-11D3-BF4B-00C04F79EFBC}") = "BelarusianRailway.WebDriver", "BelarusianRailway.WebDriver\BelarusianRailway.WebDriver.csproj", "{BEAAD78E-47F0-46A5-93EB-14963CAAB30C}"
EndProject
Project("{FAE04EC0-301F-11D3-BF4B-00C04F79EFBC}") = "BelarusianRailway.Services", "BelarusianRailway.Services\BelarusianRailway.Services.csproj", "{2536EEE9-B17A-4AB6-B22D-8AE40D474B5B}"
EndProject
Project("{FAE04EC0-301F-11D3-BF4B-00C04F79EFBC}") = "BelarusianRailway.Models", "BelarusianRailway.Models\BelarusianRailway.Models.csproj", "{0270FF72-3401-47A5-8369-7ED1FF1C5E6A}"
EndProject
Global
	GlobalSection(SolutionConfigurationPlatforms) = preSolution
		Debug|Any CPU = Debug|Any CPU
		Release|Any CPU = Release|Any CPU
	EndGlobalSection
	GlobalSection(ProjectConfigurationPlatforms) = postSolution
		{C8B52F67-EA82-42B8-A5B3-2AE19AF8AC79}.Debug|Any CPU.ActiveCfg = Debug|Any CPU
		{C8B52F67-EA82-42B8-A5B3-2AE19AF8AC79}.Debug|Any CPU.Build.0 = Debug|Any CPU
		{C8B52F67-EA82-42B8-A5B3-2AE19AF8AC79}.Release|Any CPU.ActiveCfg = Release|Any CPU
		{C8B52F67-EA82-42B8-A5B3-2AE19AF8AC79}.Release|Any CPU.Build.0 = Release|Any CPU
		{A615D358-AED6-4318-ABF0-0EAA7E3238FA}.Debug|Any CPU.ActiveCfg = Debug|Any CPU
		{A615D358-AED6-4318-ABF0-0EAA7E3238FA}.Debug|Any CPU.Build.0 = Debug|Any CPU
		{A615D358-AED6-4318-ABF0-0EAA7E3238FA}.Release|Any CPU.ActiveCfg = Release|Any CPU
		{A615D358-AED6-4318-ABF0-0EAA7E3238FA}.Release|Any CPU.Build.0 = Release|Any CPU
		{BEAAD78E-47F0-46A5-93EB-14963CAAB30C}.Debug|Any CPU.ActiveCfg = Debug|Any CPU
		{BEAAD78E-47F0-46A5-93EB-14963CAAB30C}.Debug|Any CPU.Build.0 = Debug|Any CPU
		{BEAAD78E-47F0-46A5-93EB-14963CAAB30C}.Release|Any CPU.ActiveCfg = Release|Any CPU
		{BEAAD78E-47F0-46A5-93EB-14963CAAB30C}.Release|Any CPU.Build.0 = Release|Any CPU
		{2536EEE9-B17A-4AB6-B22D-8AE40D474B5B}.Debug|Any CPU.ActiveCfg = Debug|Any CPU
		{2536EEE9-B17A-4AB6-B22D-8AE40D474B5B}.Debug|Any CPU.Build.0 = Debug|Any CPU
		{2536EEE9-B17A-4AB6-B22D-8AE40D474B5B}.Release|Any CPU.ActiveCfg = Release|Any CPU
		{2536EEE9-B17A-4AB6-B22D-8AE40D474B5B}.Release|Any CPU.Build.0 = Release|Any CPU
		{0270FF72-3401-47A5-8369-7ED1FF1C5E6A}.Debug|Any CPU.ActiveCfg = Debug|Any CPU
		{0270FF72-3401-47A5-8369-7ED1FF1C5E6A}.Debug|Any CPU.Build.0 = Debug|Any CPU
		{0270FF72-3401-47A5-8369-7ED1FF1C5E6A}.Release|Any CPU.ActiveCfg = Release|Any CPU
		{0270FF72-3401-47A5-8369-7ED1FF1C5E6A}.Release|Any CPU.Build.0 = Release|Any CPU
	EndGlobalSection
	GlobalSection(SolutionProperties) = preSolution
		HideSolutionNode = FALSE
	EndGlobalSection
	GlobalSection(ExtensibilityGlobals) = postSolution
		SolutionGuid = {50D79DA2-1165-4898-96B3-186A2C9C13DE}
	EndGlobalSection
EndGlobal
